{"SurveyEntry":{"SurveyID":"SV_0TCJDagGZdE3AIS","SurveyName":"FEATURE_NUMBER-ALPHA_BETA-Opt_Out","SurveyDescription":null,"SurveyOwnerID":"UR_bvY0JV4ZcwqLfqS","SurveyBrandID":"athenahealthrc","DivisionID":null,"SurveyLanguage":"EN","SurveyActiveResponseSet":"RS_4HJZM67Ak20kmNw","SurveyStatus":"Inactive","SurveyStartDate":"0000-00-00 00:00:00","SurveyExpirationDate":"0000-00-00 00:00:00","SurveyCreationDate":"2025-04-15 08:20:36","CreatorID":"UR_bvY0JV4ZcwqLfqS","LastModified":"2025-05-19 06:43:48","LastAccessed":"0000-00-00 00:00:00","LastActivated":"2025-04-15 09:07:03","Deleted":null},"SurveyElements":[{"SurveyID":"SV_0TCJDagGZdE3AIS","Element":"BL","PrimaryAttribute":"Survey Blocks","SecondaryAttribute":null,"TertiaryAttribute":null,"Payload":[{"Type":"Default","Description":"Default Question Block","ID":"BL_8oFgbdJ6Thkagjc","BlockElements":[{"Type":"Question","QuestionID":"QID2"},{"Type":"Question","QuestionID":"QID3"},{"Type":"Question","QuestionID":"QID4"},{"Type":"Question","QuestionID":"QID5"},{"Type":"Question","QuestionID":"QID6"},{"Type":"Question","QuestionID":"QID7"}]},{"Type":"Trash","Description":"Trash \/ Unused Questions","ID":"BL_bsARVpFbu2oMv54","BlockElements":[{"Type":"Question","QuestionID":"QID1"}]}]},{"SurveyID":"SV_0TCJDagGZdE3AIS","Element":"FL","PrimaryAttribute":"Survey Flow","SecondaryAttribute":null,"TertiaryAttribute":null,"Payload":{"Flow":[{"ID":"BL_8oFgbdJ6Thkagjc","Type":"Block","FlowID":"FL_2"}],"Properties":{"Count":2},"FlowID":"FL_1","Type":"Root"}},{"SurveyID":"SV_0TCJDagGZdE3AIS","Element":"PL","PrimaryAttribute":"Preview Link","SecondaryAttribute":null,"TertiaryAttribute":null,"Payload":{"PreviewType":"Brand","PreviewID":"cbc2bbed-a254-4e7d-bfa0-a93bd893d222"}},{"SurveyID":"SV_0TCJDagGZdE3AIS","Element":"PROJ","PrimaryAttribute":"CORE","SecondaryAttribute":null,"TertiaryAttribute":"1.1.0","Payload":{"ProjectCategory":"CORE","SchemaVersion":"1.1.0"}},{"SurveyID":"SV_0TCJDagGZdE3AIS","Element":"QC","PrimaryAttribute":"Survey Question Count","SecondaryAttribute":"7","TertiaryAttribute":null,"Payload":null},{"SurveyID":"SV_0TCJDagGZdE3AIS","Element":"RS","PrimaryAttribute":"RS_4HJZM67Ak20kmNw","SecondaryAttribute":"Default Response Set","TertiaryAttribute":null,"Payload":null},{"SurveyID":"SV_0TCJDagGZdE3AIS","Element":"SCO","PrimaryAttribute":"Scoring","SecondaryAttribute":null,"TertiaryAttribute":null,"Payload":{"ScoringCategories":[],"ScoringCategoryGroups":[],"ScoringSummaryCategory":null,"ScoringSummaryAfterQuestions":0,"ScoringSummaryAfterSurvey":0,"DefaultScoringCategory":null,"AutoScoringCategory":null}},{"SurveyID":"SV_0TCJDagGZdE3AIS","Element":"SO","PrimaryAttribute":"Survey Options","SecondaryAttribute":null,"TertiaryAttribute":null,"Payload":{"BackButton":"false","SaveAndContinue":"true","SurveyProtection":"PublicSurvey","BallotBoxStuffingPrevention":"false","NoIndex":"Yes","SecureResponseFiles":"true","SurveyExpiration":"None","SurveyTermination":"DefaultMessage","Header":"","Footer":"","ProgressBarDisplay":"None","PartialData":"+1 week","ValidationMessage":"","PreviousButton":" \u2190 ","NextButton":" \u2192 ","SurveyTitle":"Qualtrics Survey | Qualtrics Experience Management","SkinLibrary":"athenahealthrc","SkinType":"templated","Skin":{"brandingId":"3998938587","templateId":"*base","overrides":null},"NewScoring":1,"SurveyMetaDescription":"The most powerful, simple and trusted way to gather experience data. Start your journey to experience management and try a free account today.","CustomStyles":[],"SurveyName":"FEATURE_NUMBER-ALPHA_BETA-Opt_Out"}},{"SurveyID":"SV_0TCJDagGZdE3AIS","Element":"SQ","PrimaryAttribute":"QID1","SecondaryAttribute":"Click to write the question text","TertiaryAttribute":null,"Payload":{"QuestionText":"Click to write the question text","DataExportTag":"Q1","QuestionType":"MC","Selector":"SAVR","SubSelector":"TX","DataVisibility":{"Private":false,"Hidden":false},"Configuration":{"QuestionDescriptionOption":"UseText"},"QuestionDescription":"Click to write the question text","Choices":{"1":{"Display":"Click to write Choice 1"},"2":{"Display":"Click to write Choice 2"},"3":{"Display":"Click to write Choice 3"}},"ChoiceOrder":["1","2","3"],"Validation":{"Settings":{"ForceResponse":"OFF","Type":"None"}},"Language":[],"NextChoiceId":4,"NextAnswerId":1,"QuestionID":"QID1"}},{"SurveyID":"SV_0TCJDagGZdE3AIS","Element":"SQ","PrimaryAttribute":"QID2","SecondaryAttribute":"CLIENT_FACING_FEATURE_NAME - ALPHA_BETA Opt-Out Please complete this form if your organization is...","TertiaryAttribute":null,"Payload":{"QuestionText":"<b>CLIENT_FACING_FEATURE_NAME - ALPHA_BETA Opt-Out<\/b><br>Please complete this form if your organization is NOT interested in participating in this ALPHA_BETA.<br>","DefaultChoices":false,"DataExportTag":"Q1","QuestionType":"DB","Selector":"TB","DataVisibility":{"Private":false,"Hidden":false},"Configuration":{"QuestionDescriptionOption":"UseText"},"QuestionDescription":"CLIENT_FACING_FEATURE_NAME - ALPHA_BETA Opt-Out Please complete this form if your organization is...","ChoiceOrder":[],"Validation":{"Settings":{"Type":"None"}},"GradingData":[],"Language":[],"NextChoiceId":4,"NextAnswerId":1,"QuestionID":"QID2"}},{"SurveyID":"SV_0TCJDagGZdE3AIS","Element":"SQ","PrimaryAttribute":"QID3","SecondaryAttribute":"Your athenaOne Practice ID You can find your Practice ID by navigating to athenaOne clicking your...","TertiaryAttribute":null,"Payload":{"QuestionText":"<b>Your athenaOne Practice ID<\/b><br>You can find your Practice ID by navigating to athenaOne &gt; clicking your username on the upper right hand corner &gt; the Practice ID is in parethenses under the practice header.<br>","DefaultChoices":false,"DataExportTag":"Q2","QuestionType":"TE","Selector":"SL","DataVisibility":{"Private":false,"Hidden":false},"Configuration":{"QuestionDescriptionOption":"UseText","InputWidth":375,"InputHeight":29},"QuestionDescription":"Your athenaOne Practice ID You can find your Practice ID by navigating to athenaOne clicking your...","Validation":{"Settings":{"ForceResponse":"ON","ForceResponseType":"ON","Type":"CustomValidation","CustomValidation":{"Logic":{"0":{"0":{"ChoiceLocator":"q:\/\/QID3\/ChoiceTextEntryValue","Description":"<span class=\"ConjDesc\">If<\/span> <span class=\"QuestionDesc\">Your athenaOne Practice IDYou can find your Practice ID by navigating to athenaOne &amp;gt; clicking your username on the upper right hand corner &amp;gt; the Practice ID is in parethenses under the practi...<\/span> <span class=\"LeftOpDesc\">Text Response<\/span> <span class=\"OpDesc\">Matches Regex<\/span> <span class=\"RightOpDesc\"> ^[0-9]+$ <\/span>","LeftOperand":"q:\/\/QID3\/ChoiceTextEntryValue","LogicType":"Question","Operator":"MatchesRegex","QuestionID":"QID3","QuestionIDFromLocator":"QID3","QuestionIsInLoop":"no","RightOperand":"^[0-9]+$","Type":"Expression"},"Type":"If"},"Type":"BooleanExpression"},"Message":{"description":"Require valid numbers","libraryID":null,"messageID":null,"subMessageID":"VE_VALIDNUMBER_PLURAL"}},"AITextAnalysis":{"Checks":[{"Messages":"default","Type":"Partial"},{"Messages":"default","Type":"OverlyGeneralized"},{"Messages":"default","Type":"NonInsightful"},{"Messages":"default","Type":"InsufficientDetail"},{"Messages":"default","Type":"Gibberish"}]}}},"GradingData":[],"Language":[],"NextChoiceId":4,"NextAnswerId":1,"SearchSource":{"AllowFreeResponse":"false"},"QuestionID":"QID3"}},{"SurveyID":"SV_0TCJDagGZdE3AIS","Element":"SQ","PrimaryAttribute":"QID4","SecondaryAttribute":"Your Organization's Name","TertiaryAttribute":null,"Payload":{"QuestionText":"<b>Your Organization's Name<\/b>","DefaultChoices":false,"DataExportTag":"Q3","QuestionType":"TE","Selector":"SL","DataVisibility":{"Private":false,"Hidden":false},"Configuration":{"QuestionDescriptionOption":"UseText","InputWidth":375,"InputHeight":29},"QuestionDescription":"Your Organization's Name","Validation":{"Settings":{"ForceResponse":"ON","ForceResponseType":"ON","Type":"None"}},"GradingData":[],"Language":[],"NextChoiceId":4,"NextAnswerId":1,"SearchSource":{"AllowFreeResponse":"false"},"QuestionID":"QID4"}},{"SurveyID":"SV_0TCJDagGZdE3AIS","Element":"SQ","PrimaryAttribute":"QID5","SecondaryAttribute":"Your athenaOne Username","TertiaryAttribute":null,"Payload":{"QuestionText":"<b>Your athenaOne Username<\/b>","DefaultChoices":false,"DataExportTag":"Q4","QuestionType":"TE","Selector":"SL","DataVisibility":{"Private":false,"Hidden":false},"Configuration":{"QuestionDescriptionOption":"UseText","InputWidth":375,"InputHeight":29},"QuestionDescription":"Your athenaOne Username","Validation":{"Settings":{"ForceResponse":"ON","ForceResponseType":"ON","Type":"None"}},"GradingData":[],"Language":[],"NextChoiceId":4,"NextAnswerId":1,"SearchSource":{"AllowFreeResponse":"false"},"QuestionID":"QID5"}},{"SurveyID":"SV_0TCJDagGZdE3AIS","Element":"SQ","PrimaryAttribute":"QID6","SecondaryAttribute":"Your Email Address","TertiaryAttribute":null,"Payload":{"QuestionText":"<b>Your Email Address<\/b>","DefaultChoices":false,"DataExportTag":"Q5","QuestionType":"TE","Selector":"SL","DataVisibility":{"Private":false,"Hidden":false},"Configuration":{"QuestionDescriptionOption":"UseText","InputWidth":375,"InputHeight":29},"QuestionDescription":"Your Email Address","Validation":{"Settings":{"ForceResponse":"ON","ForceResponseType":"ON","Type":"None"}},"GradingData":[],"Language":[],"NextChoiceId":4,"NextAnswerId":1,"SearchSource":{"AllowFreeResponse":"false"},"QuestionID":"QID6"}},{"SurveyID":"SV_0TCJDagGZdE3AIS","Element":"SQ","PrimaryAttribute":"QID7","SecondaryAttribute":"Please select your reason for opting out of this test. Note: If you'd like to opt out of all futu...","TertiaryAttribute":null,"Payload":{"QuestionText":"<b>Please select your reason for opting out of this test.<\/b><br>Note: If you'd like to opt out of all future alphas and betas, please contact your Customer Success Manager.","DefaultChoices":false,"DataExportTag":"Q7","QuestionType":"MC","Selector":"SAVR","SubSelector":"TX","DataVisibility":{"Private":false,"Hidden":false},"Configuration":{"QuestionDescriptionOption":"UseText"},"QuestionDescription":"Please select your reason for opting out of this test. Note: If you'd like to opt out of all futu...","Choices":{"1":{"Display":"This isn't the right time for our practice"},"2":{"Display":"This test isn't of interest to our practice"},"3":{"Display":"We use other functionality\/software for this feature"},"4":{"Display":"We are currently in too many alphas\/betas"},"5":{"Display":"We are leaving athena or our practice is closing"},"6":{"Display":"We want to opt-out of all future Alphas\/Betas"},"7":{"Display":"I personally want to opt-out of receiving these emails"},"8":{"Display":"Other","TextEntry":"true"}},"ChoiceOrder":[1,2,3,4,5,6,7,8],"Validation":{"Settings":{"ForceResponse":"ON","ForceResponseType":"ON","Type":"None"}},"GradingData":[],"Language":[],"NextChoiceId":9,"NextAnswerId":1,"QuestionID":"QID7"}},{"SurveyID":"SV_0TCJDagGZdE3AIS","Element":"STAT","PrimaryAttribute":"Survey Statistics","SecondaryAttribute":null,"TertiaryAttribute":null,"Payload":{"MobileCompatible":true,"ID":"Survey Statistics"}}]}