{"SurveyEntry":{"SurveyID":"SV_ehZlmVRQFNy5A3k","SurveyName":"FEATURE_NUMBER-ALPHA_BETA-Opt_In","SurveyDescription":null,"SurveyOwnerID":"UR_bvY0JV4ZcwqLfqS","SurveyBrandID":"athenahealthrc","DivisionID":null,"SurveyLanguage":"EN","SurveyActiveResponseSet":"RS_cT6nwSXflEWYBXo","SurveyStatus":"Inactive","SurveyStartDate":"0000-00-00 00:00:00","SurveyExpirationDate":"0000-00-00 00:00:00","SurveyCreationDate":"2025-04-15 09:20:08","CreatorID":"UR_bvY0JV4ZcwqLfqS","LastModified":"2025-05-19 06:44:42","LastAccessed":"0000-00-00 00:00:00","LastActivated":"2025-04-15 09:36:08","Deleted":null},"SurveyElements":[{"SurveyID":"SV_ehZlmVRQFNy5A3k","Element":"BL","PrimaryAttribute":"Survey Blocks","SecondaryAttribute":null,"TertiaryAttribute":null,"Payload":[{"Type":"Default","Description":"Default Question Block","ID":"BL_8CB56J9oioe4oo6","BlockElements":[{"Type":"Question","QuestionID":"QID2"},{"Type":"Question","QuestionID":"QID1"},{"Type":"Question","QuestionID":"QID3"},{"Type":"Question","QuestionID":"QID4"},{"Type":"Question","QuestionID":"QID5"},{"Type":"Question","QuestionID":"QID6"},{"Type":"Question","QuestionID":"QID7"}]},{"Type":"Trash","Description":"Trash \/ Unused Questions","ID":"BL_bvjJgWUE6TSZPHE"}]},{"SurveyID":"SV_ehZlmVRQFNy5A3k","Element":"FL","PrimaryAttribute":"Survey Flow","SecondaryAttribute":null,"TertiaryAttribute":null,"Payload":{"Flow":[{"ID":"BL_8CB56J9oioe4oo6","Type":"Block","FlowID":"FL_2"}],"Properties":{"Count":2},"FlowID":"FL_1","Type":"Root"}},{"SurveyID":"SV_ehZlmVRQFNy5A3k","Element":"PL","PrimaryAttribute":"Preview Link","SecondaryAttribute":null,"TertiaryAttribute":null,"Payload":{"PreviewType":"Brand","PreviewID":"67acfa4d-8049-4987-a432-74f9ac7d72b5"}},{"SurveyID":"SV_ehZlmVRQFNy5A3k","Element":"PROJ","PrimaryAttribute":"CORE","SecondaryAttribute":null,"TertiaryAttribute":"1.1.0","Payload":{"ProjectCategory":"CORE","SchemaVersion":"1.1.0"}},{"SurveyID":"SV_ehZlmVRQFNy5A3k","Element":"QC","PrimaryAttribute":"Survey Question Count","SecondaryAttribute":"7","TertiaryAttribute":null,"Payload":null},{"SurveyID":"SV_ehZlmVRQFNy5A3k","Element":"RS","PrimaryAttribute":"RS_cT6nwSXflEWYBXo","SecondaryAttribute":"Default Response Set","TertiaryAttribute":null,"Payload":null},{"SurveyID":"SV_ehZlmVRQFNy5A3k","Element":"SCO","PrimaryAttribute":"Scoring","SecondaryAttribute":null,"TertiaryAttribute":null,"Payload":{"ScoringCategories":[],"ScoringCategoryGroups":[],"ScoringSummaryCategory":null,"ScoringSummaryAfterQuestions":0,"ScoringSummaryAfterSurvey":0,"DefaultScoringCategory":null,"AutoScoringCategory":null}},{"SurveyID":"SV_ehZlmVRQFNy5A3k","Element":"SO","PrimaryAttribute":"Survey Options","SecondaryAttribute":null,"TertiaryAttribute":null,"Payload":{"BackButton":"false","SaveAndContinue":"true","SurveyProtection":"PublicSurvey","BallotBoxStuffingPrevention":"false","NoIndex":"Yes","SecureResponseFiles":"true","SurveyExpiration":"None","SurveyTermination":"DefaultMessage","Header":"","Footer":"","ProgressBarDisplay":"None","PartialData":"+1 week","ValidationMessage":"","PreviousButton":" \u2190 ","NextButton":" \u2192 ","SurveyTitle":"Qualtrics Survey | Qualtrics Experience Management","SkinLibrary":"athenahealthrc","SkinType":"templated","Skin":{"brandingId":"3998938587","templateId":"*base","overrides":null},"NewScoring":1,"SurveyMetaDescription":"The most powerful, simple and trusted way to gather experience data. Start your journey to experience management and try a free account today.","SurveyName":"FEATURE_NUMBER-ALPHA_BETA-Opt_In","CustomStyles":[]}},{"SurveyID":"SV_ehZlmVRQFNy5A3k","Element":"SQ","PrimaryAttribute":"QID1","SecondaryAttribute":"During this ALPHA_BETA, we'll want to hear from you about your experience. Please check this box...","TertiaryAttribute":null,"Payload":{"QuestionText":"<b>During this ALPHA_BETA, we'll want to hear from you about your experience. Please check this box to confirm that, by participating in this ALPHA_BETA, you\u2019re agreeing to collaborate with us by sharing your feedback<\/b>","DataExportTag":"Q2","QuestionType":"MC","Selector":"SAVR","SubSelector":"TX","DataVisibility":{"Private":false,"Hidden":false},"Configuration":{"QuestionDescriptionOption":"UseText"},"QuestionDescription":"During this ALPHA_BETA, we'll want to hear from you about your experience. Please check this box...","Choices":{"1":{"Display":"I agree"}},"ChoiceOrder":[1],"Validation":{"Settings":{"ForceResponse":"ON","ForceResponseType":"ON","Type":"None"}},"Language":[],"NextChoiceId":2,"NextAnswerId":1,"QuestionID":"QID1"}},{"SurveyID":"SV_ehZlmVRQFNy5A3k","Element":"SQ","PrimaryAttribute":"QID2","SecondaryAttribute":"CLIENT_FACING_FEATURE_NAME - ALPHA_BETA Opt-In Please complete this form if your organization wou...","TertiaryAttribute":null,"Payload":{"QuestionText":"<b>CLIENT_FACING_FEATURE_NAME - ALPHA_BETA Opt-In<\/b><br>Please complete this form if your organization would like to participate in this ALPHA_BETA.","DefaultChoices":false,"DataExportTag":"Q1","QuestionID":"QID2","QuestionType":"DB","Selector":"TB","DataVisibility":{"Private":false,"Hidden":false},"Configuration":{"QuestionDescriptionOption":"UseText"},"QuestionDescription":"CLIENT_FACING_FEATURE_NAME - ALPHA_BETA Opt-In Please complete this form if your organization wou...","ChoiceOrder":[],"Validation":{"Settings":{"Type":"None"}},"GradingData":[],"Language":[],"NextChoiceId":4,"NextAnswerId":1}},{"SurveyID":"SV_ehZlmVRQFNy5A3k","Element":"SQ","PrimaryAttribute":"QID3","SecondaryAttribute":"Please indicate if you want to opt in to the ALPHA_BETA. This functionality will apply to the ent...","TertiaryAttribute":null,"Payload":{"QuestionText":"<b>Please indicate if you want to opt in to the ALPHA_BETA.<\/b><br>This functionality will apply to the entire context, unless otherwise specified.","DefaultChoices":false,"DataExportTag":"Q3","QuestionType":"MC","Selector":"SAVR","SubSelector":"TX","DataVisibility":{"Private":false,"Hidden":false},"Configuration":{"QuestionDescriptionOption":"UseText"},"QuestionDescription":"Please indicate if you want to opt in to the ALPHA_BETA. This functionality will apply to the ent...","Choices":{"1":{"Display":"Yes, I want to opt in"}},"ChoiceOrder":[1],"Validation":{"Settings":{"ForceResponse":"ON","ForceResponseType":"ON","Type":"None"}},"GradingData":[],"Language":[],"NextChoiceId":2,"NextAnswerId":1,"QuestionID":"QID3"}},{"SurveyID":"SV_ehZlmVRQFNy5A3k","Element":"SQ","PrimaryAttribute":"QID4","SecondaryAttribute":"Your athenaOne Practice ID You can find your Practice ID by navigating to athenaOne clicking your...","TertiaryAttribute":null,"Payload":{"QuestionText":"<b>Your athenaOne Practice ID<\/b><br>You can find your Practice ID by navigating to athenaOne &gt; clicking your username on the upper right hand corner &gt; the Practice ID is in parentheses under the practice header.","DefaultChoices":false,"DataExportTag":"Q4","QuestionType":"TE","Selector":"SL","DataVisibility":{"Private":false,"Hidden":false},"Configuration":{"QuestionDescriptionOption":"UseText","InputWidth":335,"InputHeight":29},"QuestionDescription":"Your athenaOne Practice ID You can find your Practice ID by navigating to athenaOne clicking your...","Validation":{"Settings":{"ForceResponse":"ON","ForceResponseType":"ON","Type":"CustomValidation","CustomValidation":{"Logic":{"0":{"0":{"ChoiceLocator":"q:\/\/QID4\/ChoiceTextEntryValue","Description":"<span class=\"ConjDesc\">If<\/span> <span class=\"QuestionDesc\">Your athenaOne Practice IDYou can find your Practice ID by navigating to athenaOne &amp;gt; clicking your username on the upper right hand corner &amp;gt; the Practice ID is in parentheses under the practi...<\/span> <span class=\"LeftOpDesc\">Text Response<\/span> <span class=\"OpDesc\">Matches Regex<\/span> <span class=\"RightOpDesc\"> ^[0-9]+$ <\/span>","LeftOperand":"q:\/\/QID4\/ChoiceTextEntryValue","LogicType":"Question","Operator":"MatchesRegex","QuestionID":"QID4","QuestionIDFromLocator":"QID4","QuestionIsInLoop":"no","RightOperand":"^[0-9]+$","Type":"Expression"},"Type":"If"},"Type":"BooleanExpression"},"Message":{"description":"Require valid numbers","libraryID":null,"messageID":null,"subMessageID":"VE_VALIDNUMBER_PLURAL"}},"AITextAnalysis":{"Checks":[{"Messages":"default","Type":"Partial"},{"Messages":"default","Type":"OverlyGeneralized"},{"Messages":"default","Type":"NonInsightful"},{"Messages":"default","Type":"InsufficientDetail"},{"Messages":"default","Type":"Gibberish"}]}}},"GradingData":[],"Language":[],"NextChoiceId":4,"NextAnswerId":1,"SearchSource":{"AllowFreeResponse":"false"},"QuestionID":"QID4"}},{"SurveyID":"SV_ehZlmVRQFNy5A3k","Element":"SQ","PrimaryAttribute":"QID5","SecondaryAttribute":"Your Organization's Name","TertiaryAttribute":null,"Payload":{"QuestionText":"<b>Your Organization's Name<\/b>","DefaultChoices":false,"DataExportTag":"Q5","QuestionType":"TE","Selector":"SL","DataVisibility":{"Private":false,"Hidden":false},"Configuration":{"QuestionDescriptionOption":"UseText","InputWidth":335,"InputHeight":29},"QuestionDescription":"Your Organization's Name","Validation":{"Settings":{"ForceResponse":"ON","ForceResponseType":"ON","Type":"None","CustomValidation":{"Logic":{"0":{"0":{"ChoiceLocator":"q:\/\/QID4\/ChoiceTextEntryValue","Description":"<span class=\"ConjDesc\">If<\/span> <span class=\"QuestionDesc\">Your athenaOne Practice IDYou can find your Practice ID by navigating to athenaOne &amp;gt; clicking your username on the upper right hand corner &amp;gt; the Practice ID is in parentheses under the practi...<\/span> <span class=\"LeftOpDesc\">Text Response<\/span> <span class=\"OpDesc\">Matches Regex<\/span> <span class=\"RightOpDesc\"> ^[0-9]+$ <\/span>","LeftOperand":"q:\/\/QID4\/ChoiceTextEntryValue","LogicType":"Question","Operator":"MatchesRegex","QuestionID":"QID4","QuestionIDFromLocator":"QID4","QuestionIsInLoop":"no","RightOperand":"^[0-9]+$","Type":"Expression"},"Type":"If"},"Type":"BooleanExpression"},"Message":{"description":"Require valid numbers","libraryID":null,"messageID":null,"subMessageID":"VE_VALIDNUMBER_PLURAL"}},"AITextAnalysis":{"Checks":[{"Messages":"default","Type":"Partial"},{"Messages":"default","Type":"OverlyGeneralized"},{"Messages":"default","Type":"NonInsightful"},{"Messages":"default","Type":"InsufficientDetail"},{"Messages":"default","Type":"Gibberish"}]}}},"GradingData":[],"Language":[],"NextChoiceId":4,"NextAnswerId":1,"SearchSource":{"AllowFreeResponse":"false"},"QuestionID":"QID5"}},{"SurveyID":"SV_ehZlmVRQFNy5A3k","Element":"SQ","PrimaryAttribute":"QID6","SecondaryAttribute":"Your athenaOne Username","TertiaryAttribute":null,"Payload":{"QuestionText":"<b>Your athenaOne Username<\/b>","DefaultChoices":false,"DataExportTag":"Q6","QuestionType":"TE","Selector":"SL","DataVisibility":{"Private":false,"Hidden":false},"Configuration":{"QuestionDescriptionOption":"UseText","InputWidth":335,"InputHeight":29},"QuestionDescription":"Your athenaOne Username","Validation":{"Settings":{"ForceResponse":"ON","ForceResponseType":"ON","Type":"None","CustomValidation":{"Logic":{"0":{"0":{"ChoiceLocator":"q:\/\/QID4\/ChoiceTextEntryValue","Description":"<span class=\"ConjDesc\">If<\/span> <span class=\"QuestionDesc\">Your athenaOne Practice IDYou can find your Practice ID by navigating to athenaOne &amp;gt; clicking your username on the upper right hand corner &amp;gt; the Practice ID is in parentheses under the practi...<\/span> <span class=\"LeftOpDesc\">Text Response<\/span> <span class=\"OpDesc\">Matches Regex<\/span> <span class=\"RightOpDesc\"> ^[0-9]+$ <\/span>","LeftOperand":"q:\/\/QID4\/ChoiceTextEntryValue","LogicType":"Question","Operator":"MatchesRegex","QuestionID":"QID4","QuestionIDFromLocator":"QID4","QuestionIsInLoop":"no","RightOperand":"^[0-9]+$","Type":"Expression"},"Type":"If"},"Type":"BooleanExpression"},"Message":{"description":"Require valid numbers","libraryID":null,"messageID":null,"subMessageID":"VE_VALIDNUMBER_PLURAL"}},"AITextAnalysis":{"Checks":[{"Messages":"default","Type":"Partial"},{"Messages":"default","Type":"OverlyGeneralized"},{"Messages":"default","Type":"NonInsightful"},{"Messages":"default","Type":"InsufficientDetail"},{"Messages":"default","Type":"Gibberish"}]}}},"GradingData":[],"Language":[],"NextChoiceId":4,"NextAnswerId":1,"SearchSource":{"AllowFreeResponse":"false"},"QuestionID":"QID6"}},{"SurveyID":"SV_ehZlmVRQFNy5A3k","Element":"SQ","PrimaryAttribute":"QID7","SecondaryAttribute":"Your Email Address","TertiaryAttribute":null,"Payload":{"QuestionText":"<b>Your Email Address<\/b>","DefaultChoices":false,"DataExportTag":"Q7","QuestionType":"TE","Selector":"SL","DataVisibility":{"Private":false,"Hidden":false},"Configuration":{"QuestionDescriptionOption":"UseText","InputWidth":335,"InputHeight":29},"QuestionDescription":"Your Email Address","Validation":{"Settings":{"ForceResponse":"ON","ForceResponseType":"ON","Type":"None","CustomValidation":{"Logic":{"0":{"0":{"ChoiceLocator":"q:\/\/QID4\/ChoiceTextEntryValue","Description":"<span class=\"ConjDesc\">If<\/span> <span class=\"QuestionDesc\">Your athenaOne Practice IDYou can find your Practice ID by navigating to athenaOne &amp;gt; clicking your username on the upper right hand corner &amp;gt; the Practice ID is in parentheses under the practi...<\/span> <span class=\"LeftOpDesc\">Text Response<\/span> <span class=\"OpDesc\">Matches Regex<\/span> <span class=\"RightOpDesc\"> ^[0-9]+$ <\/span>","LeftOperand":"q:\/\/QID4\/ChoiceTextEntryValue","LogicType":"Question","Operator":"MatchesRegex","QuestionID":"QID4","QuestionIDFromLocator":"QID4","QuestionIsInLoop":"no","RightOperand":"^[0-9]+$","Type":"Expression"},"Type":"If"},"Type":"BooleanExpression"},"Message":{"description":"Require valid numbers","libraryID":null,"messageID":null,"subMessageID":"VE_VALIDNUMBER_PLURAL"}},"AITextAnalysis":{"Checks":[{"Messages":"default","Type":"Partial"},{"Messages":"default","Type":"OverlyGeneralized"},{"Messages":"default","Type":"NonInsightful"},{"Messages":"default","Type":"InsufficientDetail"},{"Messages":"default","Type":"Gibberish"}]}}},"GradingData":[],"Language":[],"NextChoiceId":4,"NextAnswerId":1,"SearchSource":{"AllowFreeResponse":"false"},"QuestionID":"QID7"}},{"SurveyID":"SV_ehZlmVRQFNy5A3k","Element":"STAT","PrimaryAttribute":"Survey Statistics","SecondaryAttribute":null,"TertiaryAttribute":null,"Payload":{"MobileCompatible":true,"ID":"Survey Statistics"}}]}